
Microsoft Visual Studio Solution File, Format Version 12.00
# Visual Studio Version 17
VisualStudioVersion = 17.9.34701.34
MinimumVisualStudioVersion = 10.0.40219.1
Project("{8BC9CEB8-8B4A-11D0-8D11-00A0C91BC942}") = "dx12-hook", "dx12-hook\dx12-hook.vcxproj", "{3289726B-87C5-452C-B023-139FC415AAFC}"
EndProject
Global
	GlobalSection(SolutionConfigurationPlatforms) = preSolution
		Debug|x64 = Debug|x64
		Debug|x86 = Debug|x86
		Release|x64 = Release|x64
		Release|x86 = Release|x86
	EndGlobalSection
	GlobalSection(ProjectConfigurationPlatforms) = postSolution
		{3289726B-87C5-452C-B023-139FC415AAFC}.Debug|x64.ActiveCfg = Debug|x64
		{3289726B-87C5-452C-B023-139FC415AAFC}.Debug|x64.Build.0 = Debug|x64
		{3289726B-87C5-452C-B023-139FC415AAFC}.Debug|x86.ActiveCfg = Debug|Win32
		{3289726B-87C5-452C-B023-139FC415AAFC}.Debug|x86.Build.0 = Debug|Win32
		{3289726B-87C5-452C-B023-139FC415AAFC}.Release|x64.ActiveCfg = Release|x64
		{3289726B-87C5-452C-B023-139FC415AAFC}.Release|x64.Build.0 = Release|x64
		{3289726B-87C5-452C-B023-139FC415AAFC}.Release|x86.ActiveCfg = Release|Win32
		{3289726B-87C5-452C-B023-139FC415AAFC}.Release|x86.Build.0 = Release|Win32
	EndGlobalSection
	GlobalSection(SolutionProperties) = preSolution
		HideSolutionNode = FALSE
	EndGlobalSection
	GlobalSection(ExtensibilityGlobals) = postSolution
		SolutionGuid = {42B531A6-8E8E-466B-BF4E-B8BC517EF2E2}
	EndGlobalSection
EndGlobal
